
Microsoft Visual Studio Solution File, Format Version 12.00
# Visual Studio 15
VisualStudioVersion = 15.0.28307.168
MinimumVisualStudioVersion = 10.0.40219.1
Project("{8BC9CEB8-8B4A-11D0-8D11-00A0C91BC942}") = "HDSM_Client", "HDSM_Client\HDSM_Client.vcxproj", "{E48DC2CD-4F7B-4CA3-9854-DC652579ADA2}"
	ProjectSection(ProjectDependencies) = postProject
		{798A0327-C734-4C53-9E89-85F9571B45F5} = {798A0327-C734-4C53-9E89-85F9571B45F5}
		{EF00AAA5-3050-4949-86CC-7498BC81A23C} = {EF00AAA5-3050-4949-86CC-7498BC81A23C}
	EndProjectSection
EndProject
Project("{8BC9CEB8-8B4A-11D0-8D11-00A0C91BC942}") = "HDSM_Client_lib", "HDSM_Client_lib\HDSM_Client_lib.vcxproj", "{798A0327-C734-4C53-9E89-85F9571B45F5}"
	ProjectSection(ProjectDependencies) = postProject
		{EF00AAA5-3050-4949-86CC-7498BC81A23C} = {EF00AAA5-3050-4949-86CC-7498BC81A23C}
	EndProjectSection
EndProject
Project("{8BC9CEB8-8B4A-11D0-8D11-00A0C91BC942}") = "HDSM_Server", "HDSM_Server\HDSM_Server.vcxproj", "{D979E8FF-3D7D-4546-943E-3D367C33EB21}"
	ProjectSection(ProjectDependencies) = postProject
		{EF00AAA5-3050-4949-86CC-7498BC81A23C} = {EF00AAA5-3050-4949-86CC-7498BC81A23C}
	EndProjectSection
EndProject
Project("{8BC9CEB8-8B4A-11D0-8D11-00A0C91BC942}") = "HDSM_Base_lib", "HDSM_Base_lib\HDSM_Base_lib.vcxproj", "{EF00AAA5-3050-4949-86CC-7498BC81A23C}"
EndProject
Global
	GlobalSection(SolutionConfigurationPlatforms) = preSolution
		Debug|ARM = Debug|ARM
		Debug|ARM64 = Debug|ARM64
		Debug|x64 = Debug|x64
		Debug|x86 = Debug|x86
		Release|ARM = Release|ARM
		Release|ARM64 = Release|ARM64
		Release|x64 = Release|x64
		Release|x86 = Release|x86
	EndGlobalSection
	GlobalSection(ProjectConfigurationPlatforms) = postSolution
		{E48DC2CD-4F7B-4CA3-9854-DC652579ADA2}.Debug|ARM.ActiveCfg = Debug|ARM
		{E48DC2CD-4F7B-4CA3-9854-DC652579ADA2}.Debug|ARM.Build.0 = Debug|ARM
		{E48DC2CD-4F7B-4CA3-9854-DC652579ADA2}.Debug|ARM64.ActiveCfg = Debug|ARM64
		{E48DC2CD-4F7B-4CA3-9854-DC652579ADA2}.Debug|ARM64.Build.0 = Debug|ARM64
		{E48DC2CD-4F7B-4CA3-9854-DC652579ADA2}.Debug|x64.ActiveCfg = Debug|x64
		{E48DC2CD-4F7B-4CA3-9854-DC652579ADA2}.Debug|x64.Build.0 = Debug|x64
		{E48DC2CD-4F7B-4CA3-9854-DC652579ADA2}.Debug|x86.ActiveCfg = Debug|x86
		{E48DC2CD-4F7B-4CA3-9854-DC652579ADA2}.Debug|x86.Build.0 = Debug|x86
		{E48DC2CD-4F7B-4CA3-9854-DC652579ADA2}.Release|ARM.ActiveCfg = Release|ARM
		{E48DC2CD-4F7B-4CA3-9854-DC652579ADA2}.Release|ARM.Build.0 = Release|ARM
		{E48DC2CD-4F7B-4CA3-9854-DC652579ADA2}.Release|ARM64.ActiveCfg = Release|ARM64
		{E48DC2CD-4F7B-4CA3-9854-DC652579ADA2}.Release|ARM64.Build.0 = Release|ARM64
		{E48DC2CD-4F7B-4CA3-9854-DC652579ADA2}.Release|x64.ActiveCfg = Release|x64
		{E48DC2CD-4F7B-4CA3-9854-DC652579ADA2}.Release|x64.Build.0 = Release|x64
		{E48DC2CD-4F7B-4CA3-9854-DC652579ADA2}.Release|x86.ActiveCfg = Release|x86
		{E48DC2CD-4F7B-4CA3-9854-DC652579ADA2}.Release|x86.Build.0 = Release|x86
		{798A0327-C734-4C53-9E89-85F9571B45F5}.Debug|ARM.ActiveCfg = Debug|ARM
		{798A0327-C734-4C53-9E89-85F9571B45F5}.Debug|ARM.Build.0 = Debug|ARM
		{798A0327-C734-4C53-9E89-85F9571B45F5}.Debug|ARM64.ActiveCfg = Debug|ARM64
		{798A0327-C734-4C53-9E89-85F9571B45F5}.Debug|ARM64.Build.0 = Debug|ARM64
		{798A0327-C734-4C53-9E89-85F9571B45F5}.Debug|x64.ActiveCfg = Debug|x64
		{798A0327-C734-4C53-9E89-85F9571B45F5}.Debug|x64.Build.0 = Debug|x64
		{798A0327-C734-4C53-9E89-85F9571B45F5}.Debug|x86.ActiveCfg = Debug|x86
		{798A0327-C734-4C53-9E89-85F9571B45F5}.Debug|x86.Build.0 = Debug|x86
		{798A0327-C734-4C53-9E89-85F9571B45F5}.Release|ARM.ActiveCfg = Release|ARM
		{798A0327-C734-4C53-9E89-85F9571B45F5}.Release|ARM.Build.0 = Release|ARM
		{798A0327-C734-4C53-9E89-85F9571B45F5}.Release|ARM64.ActiveCfg = Release|ARM64
		{798A0327-C734-4C53-9E89-85F9571B45F5}.Release|ARM64.Build.0 = Release|ARM64
		{798A0327-C734-4C53-9E89-85F9571B45F5}.Release|x64.ActiveCfg = Release|x64
		{798A0327-C734-4C53-9E89-85F9571B45F5}.Release|x64.Build.0 = Release|x64
		{798A0327-C734-4C53-9E89-85F9571B45F5}.Release|x86.ActiveCfg = Release|x86
		{798A0327-C734-4C53-9E89-85F9571B45F5}.Release|x86.Build.0 = Release|x86
		{D979E8FF-3D7D-4546-943E-3D367C33EB21}.Debug|ARM.ActiveCfg = Debug|ARM
		{D979E8FF-3D7D-4546-943E-3D367C33EB21}.Debug|ARM.Build.0 = Debug|ARM
		{D979E8FF-3D7D-4546-943E-3D367C33EB21}.Debug|ARM64.ActiveCfg = Debug|ARM64
		{D979E8FF-3D7D-4546-943E-3D367C33EB21}.Debug|ARM64.Build.0 = Debug|ARM64
		{D979E8FF-3D7D-4546-943E-3D367C33EB21}.Debug|x64.ActiveCfg = Debug|x64
		{D979E8FF-3D7D-4546-943E-3D367C33EB21}.Debug|x64.Build.0 = Debug|x64
		{D979E8FF-3D7D-4546-943E-3D367C33EB21}.Debug|x86.ActiveCfg = Debug|x86
		{D979E8FF-3D7D-4546-943E-3D367C33EB21}.Debug|x86.Build.0 = Debug|x86
		{D979E8FF-3D7D-4546-943E-3D367C33EB21}.Release|ARM.ActiveCfg = Release|ARM
		{D979E8FF-3D7D-4546-943E-3D367C33EB21}.Release|ARM.Build.0 = Release|ARM
		{D979E8FF-3D7D-4546-943E-3D367C33EB21}.Release|ARM64.ActiveCfg = Release|ARM64
		{D979E8FF-3D7D-4546-943E-3D367C33EB21}.Release|ARM64.Build.0 = Release|ARM64
		{D979E8FF-3D7D-4546-943E-3D367C33EB21}.Release|x64.ActiveCfg = Release|x64
		{D979E8FF-3D7D-4546-943E-3D367C33EB21}.Release|x64.Build.0 = Release|x64
		{D979E8FF-3D7D-4546-943E-3D367C33EB21}.Release|x86.ActiveCfg = Release|x86
		{D979E8FF-3D7D-4546-943E-3D367C33EB21}.Release|x86.Build.0 = Release|x86
		{EF00AAA5-3050-4949-86CC-7498BC81A23C}.Debug|ARM.ActiveCfg = Debug|ARM
		{EF00AAA5-3050-4949-86CC-7498BC81A23C}.Debug|ARM.Build.0 = Debug|ARM
		{EF00AAA5-3050-4949-86CC-7498BC81A23C}.Debug|ARM64.ActiveCfg = Debug|ARM64
		{EF00AAA5-3050-4949-86CC-7498BC81A23C}.Debug|ARM64.Build.0 = Debug|ARM64
		{EF00AAA5-3050-4949-86CC-7498BC81A23C}.Debug|x64.ActiveCfg = Debug|x64
		{EF00AAA5-3050-4949-86CC-7498BC81A23C}.Debug|x64.Build.0 = Debug|x64
		{EF00AAA5-3050-4949-86CC-7498BC81A23C}.Debug|x86.ActiveCfg = Debug|x86
		{EF00AAA5-3050-4949-86CC-7498BC81A23C}.Debug|x86.Build.0 = Debug|x86
		{EF00AAA5-3050-4949-86CC-7498BC81A23C}.Release|ARM.ActiveCfg = Release|ARM
		{EF00AAA5-3050-4949-86CC-7498BC81A23C}.Release|ARM.Build.0 = Release|ARM
		{EF00AAA5-3050-4949-86CC-7498BC81A23C}.Release|ARM64.ActiveCfg = Release|ARM64
		{EF00AAA5-3050-4949-86CC-7498BC81A23C}.Release|ARM64.Build.0 = Release|ARM64
		{EF00AAA5-3050-4949-86CC-7498BC81A23C}.Release|x64.ActiveCfg = Release|x64
		{EF00AAA5-3050-4949-86CC-7498BC81A23C}.Release|x64.Build.0 = Release|x64
		{EF00AAA5-3050-4949-86CC-7498BC81A23C}.Release|x86.ActiveCfg = Release|x86
		{EF00AAA5-3050-4949-86CC-7498BC81A23C}.Release|x86.Build.0 = Release|x86
	EndGlobalSection
	GlobalSection(SolutionProperties) = preSolution
		HideSolutionNode = FALSE
	EndGlobalSection
	GlobalSection(ExtensibilityGlobals) = postSolution
		SolutionGuid = {ACCA9C88-E87B-45E8-9A2C-419804B4FF55}
	EndGlobalSection
EndGlobal
